<Solution>
  <Folder Name="/sln/">
    <File Path="contributing.md" />
    <File Path="license.md" />
    <File Path="readme.md" />
  </Folder>
  <Folder Name="/sln/docs/">
    <File Path="docs/code_new_project_type.md" />
    <File Path="docs/code_overview.md" />
    <File Path="docs/screenshots.md" />
  </Folder>
  <Folder Name="/src/">
    <Project Path="src/Cyrena.Desktop/Cyrena.Desktop.csproj" />
    <Project Path="src/Cyrena.Mobile/Cyrena.Mobile.csproj" Id="9d562cfd-6c1d-44e3-bf4e-947a364d72af">
      <Deploy Solution="Debug|*" />
    </Project>
  </Folder>
  <Folder Name="/src/components/">
    <Project Path="src/components/Cyrena.Components/Cyrena.Components.csproj" />
  </Folder>
  <Folder Name="/src/core/">
    <Project Path="src/core/Cyrena.Core/Cyrena.Core.csproj" Id="e480a90d-03ab-4e4a-819e-b60f31560803" />
  </Folder>
  <Folder Name="/src/developer/">
    <Project Path="src/developer/Cyrena.Developer.Core/Cyrena.Developer.Core.csproj" Id="5153c9f9-8a9d-4203-b4d2-ccc2c6e4ad1a" />
    <Project Path="src/developer/Cyrena.Developer.Docs/Cyrena.Developer.Docs.csproj" Id="42ee5696-582e-46bf-9b1d-6d4fc7854a9d" />
    <Project Path="src/developer/Cyrena.Developer.Runtime/Cyrena.Developer.Runtime.csproj" Id="7276365a-d394-4b3a-a007-848308c08338" />
  </Folder>
  <Folder Name="/src/dotnet/">
    <Project Path="src/dotnet/Cyrena.Developer.Net/Cyrena.Developer.Net.csproj" Id="897815fd-9d4c-4107-8fc8-2bdaab7b15d3" />
  </Folder>
  <Folder Name="/src/embed/">
    <Project Path="src/embed/Cyrena.ArduinoIDE/Cyrena.ArduinoIDE.csproj" Id="72878ba6-fd88-47b9-9668-51248b24e807" />
    <Project Path="src/embed/Cyrena.PlatformIO/Cyrena.PlatformIO.csproj" Id="88de2f81-46d5-46a1-801a-6100bd55eb9a" />
  </Folder>
  <Folder Name="/src/persistence/">
    <Project Path="src/persistence/Cyrena.Persistence.Core/Cyrena.Persistence.Core.csproj" Id="ce98ccdb-4675-4713-ae9c-536a5ad67df0" />
    <Project Path="src/persistence/Cyrena.Persistence.File/Cyrena.Persistence.File.csproj" Id="75bb36fa-c316-4ab7-8476-d5ff6cb39064" />
  </Folder>
  <Folder Name="/src/runtime/">
    <Project Path="src/runtime/Cyrena.Runtime.Ollama/Cyrena.Runtime.Ollama.csproj" Id="172ba23c-64b1-410c-a4e0-3608bc6bd596" />
    <Project Path="src/runtime/Cyrena.Runtime.OpenAI/Cyrena.Runtime.OpenAI.csproj" Id="9b0cc0d4-2e15-437c-90b4-2fb1d8b9b669" />
    <Project Path="src/runtime/Cyrena.Runtime/Cyrena.Runtime.csproj" Id="5eb6171f-3aea-4340-aaa9-2f70da7f0d79" />
  </Folder>
  <Folder Name="/src/web/">
    <Project Path="src/web/Cyrena.Tavily/Cyrena.Tavily.csproj" Id="a52527de-2b8d-4184-949d-49f7669e0409" />
  </Folder>
  <Folder Name="/tests/" />
</Solution>
