<Solution>
  <Folder Name="/sln/">
    <File Path="license.md" />
    <File Path="readme.md" />
  </Folder>
  <Folder Name="/sln/docs/">
    <File Path="docs/screenshots.md" />
  </Folder>
  <Folder Name="/src/">
    <Project Path="src/Cyrena.Desktop/Cyrena.Desktop.csproj" />
  </Folder>
  <Folder Name="/src/components/">
    <Project Path="src/components/Cyrena.Components/Cyrena.Components.csproj" />
  </Folder>
  <Folder Name="/src/core/">
    <Project Path="src/core/Cyrena.Core/Cyrena.Core.csproj" Id="e480a90d-03ab-4e4a-819e-b60f31560803" />
  </Folder>
  <Folder Name="/src/dotnet/">
    <Project Path="src/dotnet/Cyrena.Blazor/Cyrena.Blazor.csproj" />
    <Project Path="src/dotnet/Cyrena.ClassLibrary/Cyrena.ClassLibrary.csproj" Id="0186df65-ce36-4f33-b54c-46d0aa35d6a0" />
    <Project Path="src/dotnet/Cyrena.Net/Cyrena.Net.csproj" Id="c25a0215-1dde-4b07-854f-c8173856610b" />
  </Folder>
  <Folder Name="/src/persistence/">
    <Project Path="src/persistence/Cyrena.Persistence.Core/Cyrena.Persistence.Core.csproj" Id="ce98ccdb-4675-4713-ae9c-536a5ad67df0" />
    <Project Path="src/persistence/Cyrena.Persistence.File/Cyrena.Persistence.File.csproj" Id="75bb36fa-c316-4ab7-8476-d5ff6cb39064" />
  </Folder>
  <Folder Name="/src/runtime/">
    <Project Path="src/runtime/Cyrena.Runtime.Ollama/Cyrena.Runtime.Ollama.csproj" Id="172ba23c-64b1-410c-a4e0-3608bc6bd596" />
    <Project Path="src/runtime/Cyrena.Runtime.OpenAI/Cyrena.Runtime.OpenAI.csproj" Id="9b0cc0d4-2e15-437c-90b4-2fb1d8b9b669" />
    <Project Path="src/runtime/Cyrena.Runtime/Cyrena.Runtime.csproj" Id="5eb6171f-3aea-4340-aaa9-2f70da7f0d79" />
  </Folder>
  <Folder Name="/src/spec/">
    <Project Path="src/spec/Cyrena.Spec/Cyrena.Spec.csproj" Id="4a0a21e3-203b-40a6-a12d-ffd48e802fde" />
  </Folder>
  <Folder Name="/src/web/">
    <Project Path="src/web/Cyrena.Tavily/Cyrena.Tavily.csproj" Id="a52527de-2b8d-4184-949d-49f7669e0409" />
  </Folder>
  <Folder Name="/tests/">
    <Project Path="tests/BlazorLibrary/BlazorLibrary.csproj" Id="10dffb49-0579-40e8-930f-c3fb997c2ffc" />
    <Project Path="tests/MyLib/MyLib.csproj" Id="e3bff4b1-9053-4c9e-86d0-3467b98736c8" />
    <Project Path="tests/SimpleBlazor/SimpleBlazor.csproj" Id="3ec7d4bc-cb08-4725-bc7e-a72a5dcc7042" />
  </Folder>
</Solution>
